{
  "name": "igua-rpg2",
  "version": "0.1.0",
  "lockfileVersion": 2,
  "requires": true,
  "packages": {
    "": {
      "name": "igua-rpg2",
      "version": "0.1.0",
      "license": "ISC",
      "devDependencies": {
        "@hubol/smooch": "file:smooch.tgz"
      }
    },
    "node_modules/@hubol/smooch": {
      "version": "0.1.0",
      "resolved": "file:smooch.tgz",
      "integrity": "sha512-PsW1DJF1G/HS++NOpH8cW7h1DpG8AS82MB/hDvsgOAkWgw9PiWyKKERmQi6EP2Qhk85MNwg9gHv1YxkhX6kX/A==",
      "dev": true,
      "license": "ISC",
      "bin": {
        "smooch": "index.js"
      }
    }
  },
  "dependencies": {
    "@hubol/smooch": {
      "version": "file:smooch.tgz",
      "integrity": "sha512-PsW1DJF1G/HS++NOpH8cW7h1DpG8AS82MB/hDvsgOAkWgw9PiWyKKERmQi6EP2Qhk85MNwg9gHv1YxkhX6kX/A==",
      "dev": true
    }
  }
}
